
Microsoft Visual Studio Solution File, Format Version 12.00
# Visual Studio Version 17
VisualStudioVersion = 17.3.32929.385
MinimumVisualStudioVersion = 10.0.40219.1
Project("{9A19103F-16F7-4668-BE54-9A1E7A4F7556}") = "Records.Tests", "Record.Test\Records.Tests.csproj", "{50F2C956-6292-4A53-B609-E8F2DA3E0C5B}"
EndProject
Project("{9A19103F-16F7-4668-BE54-9A1E7A4F7556}") = "Records", "Record.Model\Records.csproj", "{53DC5114-D7A3-4D8F-A62F-63F1DC99D347}"
EndProject
Project("{9A19103F-16F7-4668-BE54-9A1E7A4F7556}") = "RecordGenerator", "..\RecordGenerator\RecordGenerator.csproj", "{C0DBE5B3-6F1F-40E3-8DA7-991F2A0F777E}"
EndProject
Global
	GlobalSection(SolutionConfigurationPlatforms) = preSolution
		Debug|Any CPU = Debug|Any CPU
		Release|Any CPU = Release|Any CPU
	EndGlobalSection
	GlobalSection(ProjectConfigurationPlatforms) = postSolution
		{50F2C956-6292-4A53-B609-E8F2DA3E0C5B}.Debug|Any CPU.ActiveCfg = Debug|Any CPU
		{50F2C956-6292-4A53-B609-E8F2DA3E0C5B}.Debug|Any CPU.Build.0 = Debug|Any CPU
		{50F2C956-6292-4A53-B609-E8F2DA3E0C5B}.Release|Any CPU.ActiveCfg = Release|Any CPU
		{50F2C956-6292-4A53-B609-E8F2DA3E0C5B}.Release|Any CPU.Build.0 = Release|Any CPU
		{53DC5114-D7A3-4D8F-A62F-63F1DC99D347}.Debug|Any CPU.ActiveCfg = Debug|Any CPU
		{53DC5114-D7A3-4D8F-A62F-63F1DC99D347}.Debug|Any CPU.Build.0 = Debug|Any CPU
		{53DC5114-D7A3-4D8F-A62F-63F1DC99D347}.Release|Any CPU.ActiveCfg = Release|Any CPU
		{53DC5114-D7A3-4D8F-A62F-63F1DC99D347}.Release|Any CPU.Build.0 = Release|Any CPU
		{C0DBE5B3-6F1F-40E3-8DA7-991F2A0F777E}.Debug|Any CPU.ActiveCfg = Debug|Any CPU
		{C0DBE5B3-6F1F-40E3-8DA7-991F2A0F777E}.Debug|Any CPU.Build.0 = Debug|Any CPU
		{C0DBE5B3-6F1F-40E3-8DA7-991F2A0F777E}.Release|Any CPU.ActiveCfg = Release|Any CPU
		{C0DBE5B3-6F1F-40E3-8DA7-991F2A0F777E}.Release|Any CPU.Build.0 = Release|Any CPU
	EndGlobalSection
	GlobalSection(SolutionProperties) = preSolution
		HideSolutionNode = FALSE
	EndGlobalSection
	GlobalSection(ExtensibilityGlobals) = postSolution
		SolutionGuid = {FE0C4DC3-9546-418F-A74E-1D58F25D6F66}
	EndGlobalSection
EndGlobal
