
Microsoft Visual Studio Solution File, Format Version 12.00
Project("{FAE04EC0-301F-11D3-BF4B-00C04F79EFBC}") = "Record.Nuget.Test", "Record.Nuget.Test\Record.Nuget.Test.csproj", "{9C5BF591-7A2D-462F-96BD-312B9838EC36}"
EndProject
Global
	GlobalSection(SolutionConfigurationPlatforms) = preSolution
		Debug|Any CPU = Debug|Any CPU
		Release|Any CPU = Release|Any CPU
	EndGlobalSection
	GlobalSection(ProjectConfigurationPlatforms) = postSolution
		{9C5BF591-7A2D-462F-96BD-312B9838EC36}.Debug|Any CPU.ActiveCfg = Debug|Any CPU
		{9C5BF591-7A2D-462F-96BD-312B9838EC36}.Debug|Any CPU.Build.0 = Debug|Any CPU
		{9C5BF591-7A2D-462F-96BD-312B9838EC36}.Release|Any CPU.ActiveCfg = Release|Any CPU
		{9C5BF591-7A2D-462F-96BD-312B9838EC36}.Release|Any CPU.Build.0 = Release|Any CPU
	EndGlobalSection
EndGlobal
